
Microsoft Visual Studio Solution File, Format Version 12.00
# Visual Studio Version 16
VisualStudioVersion = 16.0.30320.27
MinimumVisualStudioVersion = 10.0.40219.1
Project("{FAE04EC0-301F-11D3-BF4B-00C04F79EFBC}") = "Superheros", "Superheros\Superheros.csproj", "{64CCAC41-9486-4177-B714-BE95B514F9C7}"
EndProject
Global
	GlobalSection(SolutionConfigurationPlatforms) = preSolution
		Debug|Any CPU = Debug|Any CPU
		Release|Any CPU = Release|Any CPU
	EndGlobalSection
	GlobalSection(ProjectConfigurationPlatforms) = postSolution
		{64CCAC41-9486-4177-B714-BE95B514F9C7}.Debug|Any CPU.ActiveCfg = Debug|Any CPU
		{64CCAC41-9486-4177-B714-BE95B514F9C7}.Debug|Any CPU.Build.0 = Debug|Any CPU
		{64CCAC41-9486-4177-B714-BE95B514F9C7}.Release|Any CPU.ActiveCfg = Release|Any CPU
		{64CCAC41-9486-4177-B714-BE95B514F9C7}.Release|Any CPU.Build.0 = Release|Any CPU
	EndGlobalSection
	GlobalSection(SolutionProperties) = preSolution
		HideSolutionNode = FALSE
	EndGlobalSection
	GlobalSection(ExtensibilityGlobals) = postSolution
		SolutionGuid = {7DC9E24B-6415-430E-B1CE-E09DB9A09FCC}
	EndGlobalSection
EndGlobal
